
Microsoft Visual Studio Solution File, Format Version 12.00
# Visual Studio Version 17
VisualStudioVersion = 17.5.33516.290
MinimumVisualStudioVersion = 10.0.40219.1
Project("{9A19103F-16F7-4668-BE54-9A1E7A4F7556}") = "panstar_helpers", "panstar_helpers.csproj", "{616B442C-A82A-44A7-81A2-27228362CE0E}"
EndProject
Global
	GlobalSection(SolutionConfigurationPlatforms) = preSolution
		Debug|Any CPU = Debug|Any CPU
		Release|Any CPU = Release|Any CPU
	EndGlobalSection
	GlobalSection(ProjectConfigurationPlatforms) = postSolution
		{616B442C-A82A-44A7-81A2-27228362CE0E}.Debug|Any CPU.ActiveCfg = Debug|Any CPU
		{616B442C-A82A-44A7-81A2-27228362CE0E}.Debug|Any CPU.Build.0 = Debug|Any CPU
		{616B442C-A82A-44A7-81A2-27228362CE0E}.Release|Any CPU.ActiveCfg = Release|Any CPU
		{616B442C-A82A-44A7-81A2-27228362CE0E}.Release|Any CPU.Build.0 = Release|Any CPU
	EndGlobalSection
	GlobalSection(SolutionProperties) = preSolution
		HideSolutionNode = FALSE
	EndGlobalSection
	GlobalSection(ExtensibilityGlobals) = postSolution
		SolutionGuid = {2F67D86C-E4F3-469F-BF75-123C218FBCA4}
	EndGlobalSection
EndGlobal
